
Microsoft Visual Studio Solution File, Format Version 12.00
# Visual Studio Version 16
VisualStudioVersion = 16.0.31410.357
MinimumVisualStudioVersion = 10.0.40219.1
Project("{8BC9CEB8-8B4A-11D0-8D11-00A0C91BC942}") = "CppProject01", "CppProject01.vcxproj", "{CEF4A289-5045-4EE4-A17C-3303DD3B2637}"
EndProject
Global
	GlobalSection(SolutionConfigurationPlatforms) = preSolution
		Debug|x64 = Debug|x64
		Debug|x86 = Debug|x86
		Release|x64 = Release|x64
		Release|x86 = Release|x86
	EndGlobalSection
	GlobalSection(ProjectConfigurationPlatforms) = postSolution
		{CEF4A289-5045-4EE4-A17C-3303DD3B2637}.Debug|x64.ActiveCfg = Debug|x64
		{CEF4A289-5045-4EE4-A17C-3303DD3B2637}.Debug|x64.Build.0 = Debug|x64
		{CEF4A289-5045-4EE4-A17C-3303DD3B2637}.Debug|x86.ActiveCfg = Debug|Win32
		{CEF4A289-5045-4EE4-A17C-3303DD3B2637}.Debug|x86.Build.0 = Debug|Win32
		{CEF4A289-5045-4EE4-A17C-3303DD3B2637}.Release|x64.ActiveCfg = Release|x64
		{CEF4A289-5045-4EE4-A17C-3303DD3B2637}.Release|x64.Build.0 = Release|x64
		{CEF4A289-5045-4EE4-A17C-3303DD3B2637}.Release|x86.ActiveCfg = Release|Win32
		{CEF4A289-5045-4EE4-A17C-3303DD3B2637}.Release|x86.Build.0 = Release|Win32
	EndGlobalSection
	GlobalSection(SolutionProperties) = preSolution
		HideSolutionNode = FALSE
	EndGlobalSection
	GlobalSection(ExtensibilityGlobals) = postSolution
		SolutionGuid = {D99B1D64-3AB9-4092-B573-39DC2066554A}
	EndGlobalSection
EndGlobal
